// !$*UTF8*$!
{
	archiveVersion = 1;
	classes = {
	};
	objectVersion = 56;
	objects = {

/* Begin PBXBuildFile section */
		A10001 /* LodestoneApp.swift in Sources */ = {isa = PBXBuildFile; fileRef = B10001 /* LodestoneApp.swift */; };
		A10002 /* ContentView.swift in Sources */ = {isa = PBXBuildFile; fileRef = B10002 /* ContentView.swift */; };
		A10003 /* ContentType.swift in Sources */ = {isa = PBXBuildFile; fileRef = B10003 /* ContentType.swift */; };
		A10004 /* ContentEntry.swift in Sources */ = {isa = PBXBuildFile; fileRef = B10004 /* ContentEntry.swift */; };
		A10005 /* SpellEntry.swift in Sources */ = {isa = PBXBuildFile; fileRef = B10005 /* SpellEntry.swift */; };
		A10006 /* ClassEntry.swift in Sources */ = {isa = PBXBuildFile; fileRef = B10006 /* ClassEntry.swift */; };
		A10007 /* MonsterEntry.swift in Sources */ = {isa = PBXBuildFile; fileRef = B10007 /* MonsterEntry.swift */; };
		A10008 /* FeatEntry.swift in Sources */ = {isa = PBXBuildFile; fileRef = B10008 /* FeatEntry.swift */; };
		A10009 /* ItemEntry.swift in Sources */ = {isa = PBXBuildFile; fileRef = B10009 /* ItemEntry.swift */; };
		A10010 /* RaceEntry.swift in Sources */ = {isa = PBXBuildFile; fileRef = B10010 /* RaceEntry.swift */; };
		A10011 /* DatabaseService.swift in Sources */ = {isa = PBXBuildFile; fileRef = B10011 /* DatabaseService.swift */; };
		A10012 /* SearchService.swift in Sources */ = {isa = PBXBuildFile; fileRef = B10012 /* SearchService.swift */; };
		A10013 /* FavoritesService.swift in Sources */ = {isa = PBXBuildFile; fileRef = B10013 /* FavoritesService.swift */; };
		A10014 /* SubscriptionService.swift in Sources */ = {isa = PBXBuildFile; fileRef = B10014 /* SubscriptionService.swift */; };
		A10015 /* BrowseView.swift in Sources */ = {isa = PBXBuildFile; fileRef = B10015 /* BrowseView.swift */; };
		A10016 /* CategoryListView.swift in Sources */ = {isa = PBXBuildFile; fileRef = B10016 /* CategoryListView.swift */; };
		A10092 /* MonsterListView.swift in Sources */ = {isa = PBXBuildFile; fileRef = B10092 /* MonsterListView.swift */; };
		A10093 /* SpellListView.swift in Sources */ = {isa = PBXBuildFile; fileRef = B10093 /* SpellListView.swift */; };
		A10094 /* FeatListView.swift in Sources */ = {isa = PBXBuildFile; fileRef = B10094 /* FeatListView.swift */; };
		A10095 /* ItemListView.swift in Sources */ = {isa = PBXBuildFile; fileRef = B10095 /* ItemListView.swift */; };
		A10096 /* TraitListView.swift in Sources */ = {isa = PBXBuildFile; fileRef = B10096 /* TraitListView.swift */; };
		A10017 /* BrowseRowView.swift in Sources */ = {isa = PBXBuildFile; fileRef = B10017 /* BrowseRowView.swift */; };
		A10018 /* SearchView.swift in Sources */ = {isa = PBXBuildFile; fileRef = B10018 /* SearchView.swift */; };
		A10019 /* SearchResultRow.swift in Sources */ = {isa = PBXBuildFile; fileRef = B10019 /* SearchResultRow.swift */; };
		A10020 /* FilterView.swift in Sources */ = {isa = PBXBuildFile; fileRef = B10020 /* FilterView.swift */; };
		A10021 /* DetailView.swift in Sources */ = {isa = PBXBuildFile; fileRef = B10021 /* DetailView.swift */; };
		A10022 /* SpellDetailView.swift in Sources */ = {isa = PBXBuildFile; fileRef = B10022 /* SpellDetailView.swift */; };
		A10023 /* ClassDetailView.swift in Sources */ = {isa = PBXBuildFile; fileRef = B10023 /* ClassDetailView.swift */; };
		A10024 /* MonsterDetailView.swift in Sources */ = {isa = PBXBuildFile; fileRef = B10024 /* MonsterDetailView.swift */; };
		A10025 /* FeatDetailView.swift in Sources */ = {isa = PBXBuildFile; fileRef = B10025 /* FeatDetailView.swift */; };
		A10026 /* ItemDetailView.swift in Sources */ = {isa = PBXBuildFile; fileRef = B10026 /* ItemDetailView.swift */; };
		A10027 /* FavoritesView.swift in Sources */ = {isa = PBXBuildFile; fileRef = B10027 /* FavoritesView.swift */; };
		A10028 /* GMScreenView.swift in Sources */ = {isa = PBXBuildFile; fileRef = B10028 /* GMScreenView.swift */; };
		A10029 /* SettingsView.swift in Sources */ = {isa = PBXBuildFile; fileRef = B10029 /* SettingsView.swift */; };
		A10030 /* BrowseViewModel.swift in Sources */ = {isa = PBXBuildFile; fileRef = B10030 /* BrowseViewModel.swift */; };
		A10031 /* SearchViewModel.swift in Sources */ = {isa = PBXBuildFile; fileRef = B10031 /* SearchViewModel.swift */; };
		A10033 /* FavoritesViewModel.swift in Sources */ = {isa = PBXBuildFile; fileRef = B10033 /* FavoritesViewModel.swift */; };
		A10034 /* GMScreenViewModel.swift in Sources */ = {isa = PBXBuildFile; fileRef = B10034 /* GMScreenViewModel.swift */; };
		A10035 /* Constants.swift in Sources */ = {isa = PBXBuildFile; fileRef = B10035 /* Constants.swift */; };
		A10036 /* Assets.xcassets in Resources */ = {isa = PBXBuildFile; fileRef = B10036 /* Assets.xcassets */; };
		A10037 /* TraitEntry.swift in Sources */ = {isa = PBXBuildFile; fileRef = B10037a /* TraitEntry.swift */; };
		A10038 /* RuleEntry.swift in Sources */ = {isa = PBXBuildFile; fileRef = B10038 /* RuleEntry.swift */; };
		A10039 /* SeedDataBuilder.swift in Sources */ = {isa = PBXBuildFile; fileRef = B10039 /* SeedDataBuilder.swift */; };
		A10040 /* SQLiteRow.swift in Sources */ = {isa = PBXBuildFile; fileRef = B10040 /* SQLiteRow.swift */; };
		A10041 /* TraitDetailView.swift in Sources */ = {isa = PBXBuildFile; fileRef = B10041 /* TraitDetailView.swift */; };
		A10042 /* RuleDetailView.swift in Sources */ = {isa = PBXBuildFile; fileRef = B10042 /* RuleDetailView.swift */; };
		A10043 /* RaceDetailView.swift in Sources */ = {isa = PBXBuildFile; fileRef = B10043 /* RaceDetailView.swift */; };
		A10044 /* BookSource.swift in Sources */ = {isa = PBXBuildFile; fileRef = B10044 /* BookSource.swift */; };
		A10045 /* RecentlyViewedService.swift in Sources */ = {isa = PBXBuildFile; fileRef = B10045 /* RecentlyViewedService.swift */; };
		A10046 /* BookContentsView.swift in Sources */ = {isa = PBXBuildFile; fileRef = B10046 /* BookContentsView.swift */; };
		A10047 /* DetailRow.swift in Sources */ = {isa = PBXBuildFile; fileRef = B10047 /* DetailRow.swift */; };
		A10048 /* PaywallSheet.swift in Sources */ = {isa = PBXBuildFile; fileRef = B10048 /* PaywallSheet.swift */; };
		A10050 /* LodestoneTests.swift in Sources */ = {isa = PBXBuildFile; fileRef = B10050 /* LodestoneTests.swift */; };
		A10051 /* SeedSpells.swift in Sources */ = {isa = PBXBuildFile; fileRef = B10051 /* SeedSpells.swift */; };
		A10052 /* SeedFeats.swift in Sources */ = {isa = PBXBuildFile; fileRef = B10052 /* SeedFeats.swift */; };
		A10053 /* SeedMonsters.swift in Sources */ = {isa = PBXBuildFile; fileRef = B10053 /* SeedMonsters.swift */; };
		A10054 /* SeedItems.swift in Sources */ = {isa = PBXBuildFile; fileRef = B10054 /* SeedItems.swift */; };
		A10055 /* SeedTraits.swift in Sources */ = {isa = PBXBuildFile; fileRef = B10055 /* SeedTraits.swift */; };
		A10056 /* SeedRules.swift in Sources */ = {isa = PBXBuildFile; fileRef = B10056 /* SeedRules.swift */; };
		A10057 /* SeedClasses.swift in Sources */ = {isa = PBXBuildFile; fileRef = B10057 /* SeedClasses.swift */; };
		A10058 /* SeedRaces.swift in Sources */ = {isa = PBXBuildFile; fileRef = B10058 /* SeedRaces.swift */; };
		A10060 /* LodestoneUITests.swift in Sources */ = {isa = PBXBuildFile; fileRef = B10060 /* LodestoneUITests.swift */; };
		A10061 /* AppFonts.swift in Sources */ = {isa = PBXBuildFile; fileRef = B10061 /* AppFonts.swift */; };
		A10062 /* DesignComponents.swift in Sources */ = {isa = PBXBuildFile; fileRef = B10062 /* DesignComponents.swift */; };
		A10063 /* PlayfairDisplay-Variable.ttf in Resources */ = {isa = PBXBuildFile; fileRef = B10063 /* PlayfairDisplay-Variable.ttf */; };
		A10064 /* PrivacyInfo.xcprivacy in Resources */ = {isa = PBXBuildFile; fileRef = B10064 /* PrivacyInfo.xcprivacy */; };
		A10065 /* SeedAPG.swift in Sources */ = {isa = PBXBuildFile; fileRef = B10065 /* SeedAPG.swift */; };
		A10066 /* SeedUltimateMagic.swift in Sources */ = {isa = PBXBuildFile; fileRef = B10066 /* SeedUltimateMagic.swift */; };
		A10067 /* SeedUltimateCombat.swift in Sources */ = {isa = PBXBuildFile; fileRef = B10067 /* SeedUltimateCombat.swift */; };
		A10068 /* SeedBestiary2.swift in Sources */ = {isa = PBXBuildFile; fileRef = B10068 /* SeedBestiary2.swift */; };
		A10069 /* SeedUltimateEquipment.swift in Sources */ = {isa = PBXBuildFile; fileRef = B10069 /* SeedUltimateEquipment.swift */; };
		A10070 /* SeedAdvancedClassGuide.swift in Sources */ = {isa = PBXBuildFile; fileRef = B10070 /* SeedAdvancedClassGuide.swift */; };
		A10071 /* SeedUnchained.swift in Sources */ = {isa = PBXBuildFile; fileRef = B10071 /* SeedUnchained.swift */; };
		A10072 /* SeedNPCCodex.swift in Sources */ = {isa = PBXBuildFile; fileRef = B10072 /* SeedNPCCodex.swift */; };
		A10073 /* SeedGameMasteryGuide.swift in Sources */ = {isa = PBXBuildFile; fileRef = B10073 /* SeedGameMasteryGuide.swift */; };
		A10074 /* SeedMythicAdventures.swift in Sources */ = {isa = PBXBuildFile; fileRef = B10074 /* SeedMythicAdventures.swift */; };
		A10075 /* SeedOccultAdventures.swift in Sources */ = {isa = PBXBuildFile; fileRef = B10075 /* SeedOccultAdventures.swift */; };
		A10076 /* SeedBestiary3.swift in Sources */ = {isa = PBXBuildFile; fileRef = B10076 /* SeedBestiary3.swift */; };
		A10077 /* SeedBestiary4.swift in Sources */ = {isa = PBXBuildFile; fileRef = B10077 /* SeedBestiary4.swift */; };
		A10078 /* SeedBestiary5.swift in Sources */ = {isa = PBXBuildFile; fileRef = B10078 /* SeedBestiary5.swift */; };
		A10079 /* SeedAdvancedRaceGuide.swift in Sources */ = {isa = PBXBuildFile; fileRef = B10079 /* SeedAdvancedRaceGuide.swift */; };
		A10080 /* SeedUltimateCampaign.swift in Sources */ = {isa = PBXBuildFile; fileRef = B10080 /* SeedUltimateCampaign.swift */; };
		A10090 /* SeedUltimateWilderness.swift in Sources */ = {isa = PBXBuildFile; fileRef = B10090 /* SeedUltimateWilderness.swift */; };
		A10091 /* SeedUltimateIntrigue.swift in Sources */ = {isa = PBXBuildFile; fileRef = B10091 /* SeedUltimateIntrigue.swift */; };
/* End PBXBuildFile section */

/* Begin PBXContainerItemProxy section */
		C10001 /* PBXContainerItemProxy */ = {
			isa = PBXContainerItemProxy;
			containerPortal = P10000 /* Project object */;
			proxyType = 1;
			remoteGlobalIDString = T10001;
			remoteInfo = Lodestone;
		};
		C10002 /* PBXContainerItemProxy */ = {
			isa = PBXContainerItemProxy;
			containerPortal = P10000 /* Project object */;
			proxyType = 1;
			remoteGlobalIDString = T10001;
			remoteInfo = Lodestone;
		};
/* End PBXContainerItemProxy section */

/* Begin PBXFileReference section */
		B10001 /* LodestoneApp.swift */ = {isa = PBXFileReference; lastKnownFileType = sourcecode.swift; path = LodestoneApp.swift; sourceTree = "<group>"; };
		B10002 /* ContentView.swift */ = {isa = PBXFileReference; lastKnownFileType = sourcecode.swift; path = ContentView.swift; sourceTree = "<group>"; };
		B10003 /* ContentType.swift */ = {isa = PBXFileReference; lastKnownFileType = sourcecode.swift; path = ContentType.swift; sourceTree = "<group>"; };
		B10004 /* ContentEntry.swift */ = {isa = PBXFileReference; lastKnownFileType = sourcecode.swift; path = ContentEntry.swift; sourceTree = "<group>"; };
		B10005 /* SpellEntry.swift */ = {isa = PBXFileReference; lastKnownFileType = sourcecode.swift; path = SpellEntry.swift; sourceTree = "<group>"; };
		B10006 /* ClassEntry.swift */ = {isa = PBXFileReference; lastKnownFileType = sourcecode.swift; path = ClassEntry.swift; sourceTree = "<group>"; };
		B10007 /* MonsterEntry.swift */ = {isa = PBXFileReference; lastKnownFileType = sourcecode.swift; path = MonsterEntry.swift; sourceTree = "<group>"; };
		B10008 /* FeatEntry.swift */ = {isa = PBXFileReference; lastKnownFileType = sourcecode.swift; path = FeatEntry.swift; sourceTree = "<group>"; };
		B10009 /* ItemEntry.swift */ = {isa = PBXFileReference; lastKnownFileType = sourcecode.swift; path = ItemEntry.swift; sourceTree = "<group>"; };
		B10010 /* RaceEntry.swift */ = {isa = PBXFileReference; lastKnownFileType = sourcecode.swift; path = RaceEntry.swift; sourceTree = "<group>"; };
		B10011 /* DatabaseService.swift */ = {isa = PBXFileReference; lastKnownFileType = sourcecode.swift; path = DatabaseService.swift; sourceTree = "<group>"; };
		B10012 /* SearchService.swift */ = {isa = PBXFileReference; lastKnownFileType = sourcecode.swift; path = SearchService.swift; sourceTree = "<group>"; };
		B10013 /* FavoritesService.swift */ = {isa = PBXFileReference; lastKnownFileType = sourcecode.swift; path = FavoritesService.swift; sourceTree = "<group>"; };
		B10014 /* SubscriptionService.swift */ = {isa = PBXFileReference; lastKnownFileType = sourcecode.swift; path = SubscriptionService.swift; sourceTree = "<group>"; };
		B10015 /* BrowseView.swift */ = {isa = PBXFileReference; lastKnownFileType = sourcecode.swift; path = BrowseView.swift; sourceTree = "<group>"; };
		B10016 /* CategoryListView.swift */ = {isa = PBXFileReference; lastKnownFileType = sourcecode.swift; path = CategoryListView.swift; sourceTree = "<group>"; };
		B10092 /* MonsterListView.swift */ = {isa = PBXFileReference; lastKnownFileType = sourcecode.swift; path = MonsterListView.swift; sourceTree = "<group>"; };
		B10093 /* SpellListView.swift */ = {isa = PBXFileReference; lastKnownFileType = sourcecode.swift; path = SpellListView.swift; sourceTree = "<group>"; };
		B10094 /* FeatListView.swift */ = {isa = PBXFileReference; lastKnownFileType = sourcecode.swift; path = FeatListView.swift; sourceTree = "<group>"; };
		B10095 /* ItemListView.swift */ = {isa = PBXFileReference; lastKnownFileType = sourcecode.swift; path = ItemListView.swift; sourceTree = "<group>"; };
		B10096 /* TraitListView.swift */ = {isa = PBXFileReference; lastKnownFileType = sourcecode.swift; path = TraitListView.swift; sourceTree = "<group>"; };
		B10017 /* BrowseRowView.swift */ = {isa = PBXFileReference; lastKnownFileType = sourcecode.swift; path = BrowseRowView.swift; sourceTree = "<group>"; };
		B10018 /* SearchView.swift */ = {isa = PBXFileReference; lastKnownFileType = sourcecode.swift; path = SearchView.swift; sourceTree = "<group>"; };
		B10019 /* SearchResultRow.swift */ = {isa = PBXFileReference; lastKnownFileType = sourcecode.swift; path = SearchResultRow.swift; sourceTree = "<group>"; };
		B10020 /* FilterView.swift */ = {isa = PBXFileReference; lastKnownFileType = sourcecode.swift; path = FilterView.swift; sourceTree = "<group>"; };
		B10021 /* DetailView.swift */ = {isa = PBXFileReference; lastKnownFileType = sourcecode.swift; path = DetailView.swift; sourceTree = "<group>"; };
		B10022 /* SpellDetailView.swift */ = {isa = PBXFileReference; lastKnownFileType = sourcecode.swift; path = SpellDetailView.swift; sourceTree = "<group>"; };
		B10023 /* ClassDetailView.swift */ = {isa = PBXFileReference; lastKnownFileType = sourcecode.swift; path = ClassDetailView.swift; sourceTree = "<group>"; };
		B10024 /* MonsterDetailView.swift */ = {isa = PBXFileReference; lastKnownFileType = sourcecode.swift; path = MonsterDetailView.swift; sourceTree = "<group>"; };
		B10025 /* FeatDetailView.swift */ = {isa = PBXFileReference; lastKnownFileType = sourcecode.swift; path = FeatDetailView.swift; sourceTree = "<group>"; };
		B10026 /* ItemDetailView.swift */ = {isa = PBXFileReference; lastKnownFileType = sourcecode.swift; path = ItemDetailView.swift; sourceTree = "<group>"; };
		B10027 /* FavoritesView.swift */ = {isa = PBXFileReference; lastKnownFileType = sourcecode.swift; path = FavoritesView.swift; sourceTree = "<group>"; };
		B10028 /* GMScreenView.swift */ = {isa = PBXFileReference; lastKnownFileType = sourcecode.swift; path = GMScreenView.swift; sourceTree = "<group>"; };
		B10029 /* SettingsView.swift */ = {isa = PBXFileReference; lastKnownFileType = sourcecode.swift; path = SettingsView.swift; sourceTree = "<group>"; };
		B10030 /* BrowseViewModel.swift */ = {isa = PBXFileReference; lastKnownFileType = sourcecode.swift; path = BrowseViewModel.swift; sourceTree = "<group>"; };
		B10031 /* SearchViewModel.swift */ = {isa = PBXFileReference; lastKnownFileType = sourcecode.swift; path = SearchViewModel.swift; sourceTree = "<group>"; };
		B10033 /* FavoritesViewModel.swift */ = {isa = PBXFileReference; lastKnownFileType = sourcecode.swift; path = FavoritesViewModel.swift; sourceTree = "<group>"; };
		B10034 /* GMScreenViewModel.swift */ = {isa = PBXFileReference; lastKnownFileType = sourcecode.swift; path = GMScreenViewModel.swift; sourceTree = "<group>"; };
		B10035 /* Constants.swift */ = {isa = PBXFileReference; lastKnownFileType = sourcecode.swift; path = Constants.swift; sourceTree = "<group>"; };
		B10036 /* Assets.xcassets */ = {isa = PBXFileReference; lastKnownFileType = folder.assetcatalog; path = Assets.xcassets; sourceTree = "<group>"; };
		B10037 /* Info.plist */ = {isa = PBXFileReference; lastKnownFileType = text.plist.xml; path = Info.plist; sourceTree = "<group>"; };
		B10037a /* TraitEntry.swift */ = {isa = PBXFileReference; lastKnownFileType = sourcecode.swift; path = TraitEntry.swift; sourceTree = "<group>"; };
		B10038 /* RuleEntry.swift */ = {isa = PBXFileReference; lastKnownFileType = sourcecode.swift; path = RuleEntry.swift; sourceTree = "<group>"; };
		B10039 /* SeedDataBuilder.swift */ = {isa = PBXFileReference; lastKnownFileType = sourcecode.swift; path = SeedDataBuilder.swift; sourceTree = "<group>"; };
		B10040 /* SQLiteRow.swift */ = {isa = PBXFileReference; lastKnownFileType = sourcecode.swift; path = SQLiteRow.swift; sourceTree = "<group>"; };
		B10041 /* TraitDetailView.swift */ = {isa = PBXFileReference; lastKnownFileType = sourcecode.swift; path = TraitDetailView.swift; sourceTree = "<group>"; };
		B10042 /* RuleDetailView.swift */ = {isa = PBXFileReference; lastKnownFileType = sourcecode.swift; path = RuleDetailView.swift; sourceTree = "<group>"; };
		B10043 /* RaceDetailView.swift */ = {isa = PBXFileReference; lastKnownFileType = sourcecode.swift; path = RaceDetailView.swift; sourceTree = "<group>"; };
		B10044 /* BookSource.swift */ = {isa = PBXFileReference; lastKnownFileType = sourcecode.swift; path = BookSource.swift; sourceTree = "<group>"; };
		B10045 /* RecentlyViewedService.swift */ = {isa = PBXFileReference; lastKnownFileType = sourcecode.swift; path = RecentlyViewedService.swift; sourceTree = "<group>"; };
		B10046 /* BookContentsView.swift */ = {isa = PBXFileReference; lastKnownFileType = sourcecode.swift; path = BookContentsView.swift; sourceTree = "<group>"; };
		B10047 /* DetailRow.swift */ = {isa = PBXFileReference; lastKnownFileType = sourcecode.swift; path = DetailRow.swift; sourceTree = "<group>"; };
		B10048 /* PaywallSheet.swift */ = {isa = PBXFileReference; lastKnownFileType = sourcecode.swift; path = PaywallSheet.swift; sourceTree = "<group>"; };
		B10050 /* LodestoneTests.swift */ = {isa = PBXFileReference; lastKnownFileType = sourcecode.swift; path = LodestoneTests.swift; sourceTree = "<group>"; };
		B10051 /* SeedSpells.swift */ = {isa = PBXFileReference; lastKnownFileType = sourcecode.swift; path = SeedSpells.swift; sourceTree = "<group>"; };
		B10052 /* SeedFeats.swift */ = {isa = PBXFileReference; lastKnownFileType = sourcecode.swift; path = SeedFeats.swift; sourceTree = "<group>"; };
		B10053 /* SeedMonsters.swift */ = {isa = PBXFileReference; lastKnownFileType = sourcecode.swift; path = SeedMonsters.swift; sourceTree = "<group>"; };
		B10054 /* SeedItems.swift */ = {isa = PBXFileReference; lastKnownFileType = sourcecode.swift; path = SeedItems.swift; sourceTree = "<group>"; };
		B10055 /* SeedTraits.swift */ = {isa = PBXFileReference; lastKnownFileType = sourcecode.swift; path = SeedTraits.swift; sourceTree = "<group>"; };
		B10056 /* SeedRules.swift */ = {isa = PBXFileReference; lastKnownFileType = sourcecode.swift; path = SeedRules.swift; sourceTree = "<group>"; };
		B10057 /* SeedClasses.swift */ = {isa = PBXFileReference; lastKnownFileType = sourcecode.swift; path = SeedClasses.swift; sourceTree = "<group>"; };
		B10058 /* SeedRaces.swift */ = {isa = PBXFileReference; lastKnownFileType = sourcecode.swift; path = SeedRaces.swift; sourceTree = "<group>"; };
		B10060 /* LodestoneUITests.swift */ = {isa = PBXFileReference; lastKnownFileType = sourcecode.swift; path = LodestoneUITests.swift; sourceTree = "<group>"; };
		B10061 /* AppFonts.swift */ = {isa = PBXFileReference; lastKnownFileType = sourcecode.swift; path = AppFonts.swift; sourceTree = "<group>"; };
		B10062 /* DesignComponents.swift */ = {isa = PBXFileReference; lastKnownFileType = sourcecode.swift; path = DesignComponents.swift; sourceTree = "<group>"; };
		B10063 /* PlayfairDisplay-Variable.ttf */ = {isa = PBXFileReference; lastKnownFileType = file; path = "PlayfairDisplay-Variable.ttf"; sourceTree = "<group>"; };
		B10064 /* PrivacyInfo.xcprivacy */ = {isa = PBXFileReference; lastKnownFileType = text.xml; path = PrivacyInfo.xcprivacy; sourceTree = "<group>"; };
		B10065 /* SeedAPG.swift */ = {isa = PBXFileReference; lastKnownFileType = sourcecode.swift; path = SeedAPG.swift; sourceTree = "<group>"; };
		B10066 /* SeedUltimateMagic.swift */ = {isa = PBXFileReference; lastKnownFileType = sourcecode.swift; path = SeedUltimateMagic.swift; sourceTree = "<group>"; };
		B10067 /* SeedUltimateCombat.swift */ = {isa = PBXFileReference; lastKnownFileType = sourcecode.swift; path = SeedUltimateCombat.swift; sourceTree = "<group>"; };
		B10068 /* SeedBestiary2.swift */ = {isa = PBXFileReference; lastKnownFileType = sourcecode.swift; path = SeedBestiary2.swift; sourceTree = "<group>"; };
		B10069 /* SeedUltimateEquipment.swift */ = {isa = PBXFileReference; lastKnownFileType = sourcecode.swift; path = SeedUltimateEquipment.swift; sourceTree = "<group>"; };
		B10070 /* SeedAdvancedClassGuide.swift */ = {isa = PBXFileReference; lastKnownFileType = sourcecode.swift; path = SeedAdvancedClassGuide.swift; sourceTree = "<group>"; };
		B10071 /* SeedUnchained.swift */ = {isa = PBXFileReference; lastKnownFileType = sourcecode.swift; path = SeedUnchained.swift; sourceTree = "<group>"; };
		B10072 /* SeedNPCCodex.swift */ = {isa = PBXFileReference; lastKnownFileType = sourcecode.swift; path = SeedNPCCodex.swift; sourceTree = "<group>"; };
		B10073 /* SeedGameMasteryGuide.swift */ = {isa = PBXFileReference; lastKnownFileType = sourcecode.swift; path = SeedGameMasteryGuide.swift; sourceTree = "<group>"; };
		B10074 /* SeedMythicAdventures.swift */ = {isa = PBXFileReference; lastKnownFileType = sourcecode.swift; path = SeedMythicAdventures.swift; sourceTree = "<group>"; };
		B10075 /* SeedOccultAdventures.swift */ = {isa = PBXFileReference; lastKnownFileType = sourcecode.swift; path = SeedOccultAdventures.swift; sourceTree = "<group>"; };
		B10076 /* SeedBestiary3.swift */ = {isa = PBXFileReference; lastKnownFileType = sourcecode.swift; path = SeedBestiary3.swift; sourceTree = "<group>"; };
		B10077 /* SeedBestiary4.swift */ = {isa = PBXFileReference; lastKnownFileType = sourcecode.swift; path = SeedBestiary4.swift; sourceTree = "<group>"; };
		B10078 /* SeedBestiary5.swift */ = {isa = PBXFileReference; lastKnownFileType = sourcecode.swift; path = SeedBestiary5.swift; sourceTree = "<group>"; };
		B10079 /* SeedAdvancedRaceGuide.swift */ = {isa = PBXFileReference; lastKnownFileType = sourcecode.swift; path = SeedAdvancedRaceGuide.swift; sourceTree = "<group>"; };
		B10080 /* SeedUltimateCampaign.swift */ = {isa = PBXFileReference; lastKnownFileType = sourcecode.swift; path = SeedUltimateCampaign.swift; sourceTree = "<group>"; };
		B10090 /* SeedUltimateWilderness.swift */ = {isa = PBXFileReference; lastKnownFileType = sourcecode.swift; path = SeedUltimateWilderness.swift; sourceTree = "<group>"; };
		B10091 /* SeedUltimateIntrigue.swift */ = {isa = PBXFileReference; lastKnownFileType = sourcecode.swift; path = SeedUltimateIntrigue.swift; sourceTree = "<group>"; };
		PR0001 /* Lodestone.app */ = {isa = PBXFileReference; explicitFileType = wrapper.application; includeInIndex = 0; path = Lodestone.app; sourceTree = BUILT_PRODUCTS_DIR; };
		PR0002 /* LodestoneTests.xctest */ = {isa = PBXFileReference; explicitFileType = wrapper.cfbundle; includeInIndex = 0; path = LodestoneTests.xctest; sourceTree = BUILT_PRODUCTS_DIR; };
		PR0003 /* LodestoneUITests.xctest */ = {isa = PBXFileReference; explicitFileType = wrapper.cfbundle; includeInIndex = 0; path = LodestoneUITests.xctest; sourceTree = BUILT_PRODUCTS_DIR; };
/* End PBXFileReference section */

/* Begin PBXFrameworksBuildPhase section */
		F10001 /* Frameworks */ = {
			isa = PBXFrameworksBuildPhase;
			buildActionMask = 2147483647;
			files = (
			);
			runOnlyForDeploymentPostprocessing = 0;
		};
		F10002 /* Frameworks */ = {
			isa = PBXFrameworksBuildPhase;
			buildActionMask = 2147483647;
			files = (
			);
			runOnlyForDeploymentPostprocessing = 0;
		};
		F10003 /* Frameworks */ = {
			isa = PBXFrameworksBuildPhase;
			buildActionMask = 2147483647;
			files = (
			);
			runOnlyForDeploymentPostprocessing = 0;
		};
/* End PBXFrameworksBuildPhase section */

/* Begin PBXGroup section */
		G10000 = {
			isa = PBXGroup;
			children = (
				G10001 /* Lodestone */,
				G10020 /* LodestoneTests */,
				G10021 /* LodestoneUITests */,
				G10099 /* Products */,
			);
			sourceTree = "<group>";
		};
		G10001 /* Lodestone */ = {
			isa = PBXGroup;
			children = (
				G10002 /* App */,
				G10003 /* Models */,
				G10004 /* Services */,
				G10005 /* Views */,
				G10012 /* ViewModels */,
				G10013 /* Utilities */,
				G10014 /* Resources */,
			);
			path = Lodestone;
			sourceTree = "<group>";
		};
		G10002 /* App */ = {
			isa = PBXGroup;
			children = (
				B10001 /* LodestoneApp.swift */,
				B10002 /* ContentView.swift */,
				B10037 /* Info.plist */,
				B10064 /* PrivacyInfo.xcprivacy */,
			);
			path = App;
			sourceTree = "<group>";
		};
		G10003 /* Models */ = {
			isa = PBXGroup;
			children = (
				B10004 /* ContentEntry.swift */,
				B10003 /* ContentType.swift */,
				B10005 /* SpellEntry.swift */,
				B10006 /* ClassEntry.swift */,
				B10007 /* MonsterEntry.swift */,
				B10008 /* FeatEntry.swift */,
				B10009 /* ItemEntry.swift */,
				B10010 /* RaceEntry.swift */,
				B10037a /* TraitEntry.swift */,
				B10038 /* RuleEntry.swift */,
				B10044 /* BookSource.swift */,
			);
			path = Models;
			sourceTree = "<group>";
		};
		G10004 /* Services */ = {
			isa = PBXGroup;
			children = (
				B10011 /* DatabaseService.swift */,
				B10012 /* SearchService.swift */,
				B10013 /* FavoritesService.swift */,
				B10014 /* SubscriptionService.swift */,
				B10039 /* SeedDataBuilder.swift */,
				B10051 /* SeedSpells.swift */,
				B10052 /* SeedFeats.swift */,
				B10053 /* SeedMonsters.swift */,
				B10054 /* SeedItems.swift */,
				B10055 /* SeedTraits.swift */,
				B10056 /* SeedRules.swift */,
				B10057 /* SeedClasses.swift */,
				B10058 /* SeedRaces.swift */,
				B10065 /* SeedAPG.swift */,
				B10066 /* SeedUltimateMagic.swift */,
				B10067 /* SeedUltimateCombat.swift */,
				B10068 /* SeedBestiary2.swift */,
				B10069 /* SeedUltimateEquipment.swift */,
				B10070 /* SeedAdvancedClassGuide.swift */,
				B10071 /* SeedUnchained.swift */,
				B10072 /* SeedNPCCodex.swift */,
				B10073 /* SeedGameMasteryGuide.swift */,
				B10074 /* SeedMythicAdventures.swift */,
				B10075 /* SeedOccultAdventures.swift */,
				B10076 /* SeedBestiary3.swift */,
				B10077 /* SeedBestiary4.swift */,
				B10078 /* SeedBestiary5.swift */,
				B10079 /* SeedAdvancedRaceGuide.swift */,
				B10080 /* SeedUltimateCampaign.swift */,
				B10090 /* SeedUltimateWilderness.swift */,
				B10091 /* SeedUltimateIntrigue.swift */,
				B10045 /* RecentlyViewedService.swift */,
			);
			path = Services;
			sourceTree = "<group>";
		};
		G10005 /* Views */ = {
			isa = PBXGroup;
			children = (
				G10006 /* Browse */,
				G10007 /* Search */,
				G10008 /* Detail */,
				G10009 /* Favorites */,
				G10010 /* GMScreen */,
				G10011 /* Settings */,
				G10015 /* Shared */,
			);
			path = Views;
			sourceTree = "<group>";
		};
		G10006 /* Browse */ = {
			isa = PBXGroup;
			children = (
				B10015 /* BrowseView.swift */,
				B10016 /* CategoryListView.swift */,
				B10092 /* MonsterListView.swift */,
				B10093 /* SpellListView.swift */,
				B10094 /* FeatListView.swift */,
				B10095 /* ItemListView.swift */,
					B10096 /* TraitListView.swift */,
				B10017 /* BrowseRowView.swift */,
				B10046 /* BookContentsView.swift */,
			);
			path = Browse;
			sourceTree = "<group>";
		};
		G10007 /* Search */ = {
			isa = PBXGroup;
			children = (
				B10018 /* SearchView.swift */,
				B10019 /* SearchResultRow.swift */,
				B10020 /* FilterView.swift */,
			);
			path = Search;
			sourceTree = "<group>";
		};
		G10008 /* Detail */ = {
			isa = PBXGroup;
			children = (
				B10021 /* DetailView.swift */,
				B10022 /* SpellDetailView.swift */,
				B10023 /* ClassDetailView.swift */,
				B10024 /* MonsterDetailView.swift */,
				B10025 /* FeatDetailView.swift */,
				B10026 /* ItemDetailView.swift */,
				B10041 /* TraitDetailView.swift */,
				B10042 /* RuleDetailView.swift */,
				B10043 /* RaceDetailView.swift */,
			);
			path = Detail;
			sourceTree = "<group>";
		};
		G10009 /* Favorites */ = {
			isa = PBXGroup;
			children = (
				B10027 /* FavoritesView.swift */,
			);
			path = Favorites;
			sourceTree = "<group>";
		};
		G10010 /* GMScreen */ = {
			isa = PBXGroup;
			children = (
				B10028 /* GMScreenView.swift */,
			);
			path = GMScreen;
			sourceTree = "<group>";
		};
		G10011 /* Settings */ = {
			isa = PBXGroup;
			children = (
				B10029 /* SettingsView.swift */,
			);
			path = Settings;
			sourceTree = "<group>";
		};
		G10012 /* ViewModels */ = {
			isa = PBXGroup;
			children = (
				B10030 /* BrowseViewModel.swift */,
				B10031 /* SearchViewModel.swift */,
				B10033 /* FavoritesViewModel.swift */,
				B10034 /* GMScreenViewModel.swift */,
			);
			path = ViewModels;
			sourceTree = "<group>";
		};
		G10013 /* Utilities */ = {
			isa = PBXGroup;
			children = (
				B10035 /* Constants.swift */,
				B10061 /* AppFonts.swift */,
				B10040 /* SQLiteRow.swift */,
			);
			path = Utilities;
			sourceTree = "<group>";
		};
		G10014 /* Resources */ = {
			isa = PBXGroup;
			children = (
				B10036 /* Assets.xcassets */,
				G10016 /* Fonts */,
			);
			path = Resources;
			sourceTree = "<group>";
		};
		G10015 /* Shared */ = {
			isa = PBXGroup;
			children = (
				B10047 /* DetailRow.swift */,
				B10048 /* PaywallSheet.swift */,
				B10062 /* DesignComponents.swift */,
			);
			path = Shared;
			sourceTree = "<group>";
		};
		G10016 /* Fonts */ = {
			isa = PBXGroup;
			children = (
				B10063 /* PlayfairDisplay-Variable.ttf */,
			);
			path = Fonts;
			sourceTree = "<group>";
		};
		G10020 /* LodestoneTests */ = {
			isa = PBXGroup;
			children = (
				B10050 /* LodestoneTests.swift */,
			);
			path = LodestoneTests;
			sourceTree = "<group>";
		};
		G10021 /* LodestoneUITests */ = {
			isa = PBXGroup;
			children = (
				B10060 /* LodestoneUITests.swift */,
			);
			path = LodestoneUITests;
			sourceTree = "<group>";
		};
		G10099 /* Products */ = {
			isa = PBXGroup;
			children = (
				PR0001 /* Lodestone.app */,
				PR0002 /* LodestoneTests.xctest */,
				PR0003 /* LodestoneUITests.xctest */,
			);
			name = Products;
			sourceTree = "<group>";
		};
/* End PBXGroup section */

/* Begin PBXNativeTarget section */
		T10001 /* Lodestone */ = {
			isa = PBXNativeTarget;
			buildConfigurationList = X10001 /* Build configuration list for PBXNativeTarget "Lodestone" */;
			buildPhases = (
				S10001 /* Sources */,
				F10001 /* Frameworks */,
				R10001 /* Resources */,
			);
			buildRules = (
			);
			dependencies = (
			);
			name = Lodestone;
			productName = Lodestone;
			productReference = PR0001 /* Lodestone.app */;
			productType = "com.apple.product-type.application";
		};
		T10002 /* LodestoneTests */ = {
			isa = PBXNativeTarget;
			buildConfigurationList = X10002 /* Build configuration list for PBXNativeTarget "LodestoneTests" */;
			buildPhases = (
				S10002 /* Sources */,
				F10002 /* Frameworks */,
			);
			buildRules = (
			);
			dependencies = (
				D10001 /* PBXTargetDependency */,
			);
			name = LodestoneTests;
			productName = LodestoneTests;
			productReference = PR0002 /* LodestoneTests.xctest */;
			productType = "com.apple.product-type.bundle.unit-test";
		};
		T10003 /* LodestoneUITests */ = {
			isa = PBXNativeTarget;
			buildConfigurationList = X10003 /* Build configuration list for PBXNativeTarget "LodestoneUITests" */;
			buildPhases = (
				S10003 /* Sources */,
				F10003 /* Frameworks */,
			);
			buildRules = (
			);
			dependencies = (
				D10002 /* PBXTargetDependency */,
			);
			name = LodestoneUITests;
			productName = LodestoneUITests;
			productReference = PR0003 /* LodestoneUITests.xctest */;
			productType = "com.apple.product-type.bundle.ui-testing";
		};
/* End PBXNativeTarget section */

/* Begin PBXProject section */
		P10000 /* Project object */ = {
			isa = PBXProject;
			attributes = {
				BuildIndependentTargetsInParallel = 1;
				LastSwiftUpdateCheck = 1600;
				LastUpgradeCheck = 2640;
				TargetAttributes = {
					T10001 = {
						CreatedOnToolsVersion = 16.0;
					};
					T10002 = {
						CreatedOnToolsVersion = 16.0;
						TestTargetID = T10001;
					};
					T10003 = {
						CreatedOnToolsVersion = 16.0;
						TestTargetID = T10001;
					};
				};
			};
			buildConfigurationList = X10000 /* Build configuration list for PBXProject "Lodestone" */;
			compatibilityVersion = "Xcode 14.0";
			developmentRegion = en;
			hasScannedForEncodings = 0;
			knownRegions = (
				en,
				Base,
			);
			mainGroup = G10000;
			productRefGroup = G10099 /* Products */;
			projectDirPath = "";
			projectRoot = "";
			targets = (
				T10001 /* Lodestone */,
				T10002 /* LodestoneTests */,
				T10003 /* LodestoneUITests */,
			);
		};
/* End PBXProject section */

/* Begin PBXResourcesBuildPhase section */
		R10001 /* Resources */ = {
			isa = PBXResourcesBuildPhase;
			buildActionMask = 2147483647;
			files = (
				A10036 /* Assets.xcassets in Resources */,
				A10063 /* PlayfairDisplay-Variable.ttf in Resources */,
				A10064 /* PrivacyInfo.xcprivacy in Resources */,
			);
			runOnlyForDeploymentPostprocessing = 0;
		};
/* End PBXResourcesBuildPhase section */

/* Begin PBXSourcesBuildPhase section */
		S10001 /* Sources */ = {
			isa = PBXSourcesBuildPhase;
			buildActionMask = 2147483647;
			files = (
				A10001 /* LodestoneApp.swift in Sources */,
				A10002 /* ContentView.swift in Sources */,
				A10003 /* ContentType.swift in Sources */,
				A10004 /* ContentEntry.swift in Sources */,
				A10005 /* SpellEntry.swift in Sources */,
				A10006 /* ClassEntry.swift in Sources */,
				A10007 /* MonsterEntry.swift in Sources */,
				A10008 /* FeatEntry.swift in Sources */,
				A10009 /* ItemEntry.swift in Sources */,
				A10010 /* RaceEntry.swift in Sources */,
				A10011 /* DatabaseService.swift in Sources */,
				A10012 /* SearchService.swift in Sources */,
				A10013 /* FavoritesService.swift in Sources */,
				A10014 /* SubscriptionService.swift in Sources */,
				A10015 /* BrowseView.swift in Sources */,
				A10016 /* CategoryListView.swift in Sources */,
				A10092 /* MonsterListView.swift in Sources */,
				A10093 /* SpellListView.swift in Sources */,
				A10094 /* FeatListView.swift in Sources */,
				A10095 /* ItemListView.swift in Sources */,
					A10096 /* TraitListView.swift in Sources */,
				A10017 /* BrowseRowView.swift in Sources */,
				A10018 /* SearchView.swift in Sources */,
				A10019 /* SearchResultRow.swift in Sources */,
				A10020 /* FilterView.swift in Sources */,
				A10021 /* DetailView.swift in Sources */,
				A10022 /* SpellDetailView.swift in Sources */,
				A10023 /* ClassDetailView.swift in Sources */,
				A10024 /* MonsterDetailView.swift in Sources */,
				A10025 /* FeatDetailView.swift in Sources */,
				A10026 /* ItemDetailView.swift in Sources */,
				A10027 /* FavoritesView.swift in Sources */,
				A10028 /* GMScreenView.swift in Sources */,
				A10029 /* SettingsView.swift in Sources */,
				A10030 /* BrowseViewModel.swift in Sources */,
				A10031 /* SearchViewModel.swift in Sources */,
				A10033 /* FavoritesViewModel.swift in Sources */,
				A10034 /* GMScreenViewModel.swift in Sources */,
				A10035 /* Constants.swift in Sources */,
				A10037 /* TraitEntry.swift in Sources */,
				A10038 /* RuleEntry.swift in Sources */,
				A10039 /* SeedDataBuilder.swift in Sources */,
				A10040 /* SQLiteRow.swift in Sources */,
				A10041 /* TraitDetailView.swift in Sources */,
				A10042 /* RuleDetailView.swift in Sources */,
				A10043 /* RaceDetailView.swift in Sources */,
				A10044 /* BookSource.swift in Sources */,
				A10045 /* RecentlyViewedService.swift in Sources */,
				A10046 /* BookContentsView.swift in Sources */,
				A10047 /* DetailRow.swift in Sources */,
				A10048 /* PaywallSheet.swift in Sources */,
				A10061 /* AppFonts.swift in Sources */,
				A10062 /* DesignComponents.swift in Sources */,
				A10051 /* SeedSpells.swift in Sources */,
				A10052 /* SeedFeats.swift in Sources */,
				A10053 /* SeedMonsters.swift in Sources */,
				A10054 /* SeedItems.swift in Sources */,
				A10055 /* SeedTraits.swift in Sources */,
				A10056 /* SeedRules.swift in Sources */,
				A10057 /* SeedClasses.swift in Sources */,
				A10058 /* SeedRaces.swift in Sources */,
				A10065 /* SeedAPG.swift in Sources */,
				A10066 /* SeedUltimateMagic.swift in Sources */,
				A10067 /* SeedUltimateCombat.swift in Sources */,
				A10068 /* SeedBestiary2.swift in Sources */,
				A10069 /* SeedUltimateEquipment.swift in Sources */,
				A10070 /* SeedAdvancedClassGuide.swift in Sources */,
				A10071 /* SeedUnchained.swift in Sources */,
				A10072 /* SeedNPCCodex.swift in Sources */,
				A10073 /* SeedGameMasteryGuide.swift in Sources */,
				A10074 /* SeedMythicAdventures.swift in Sources */,
				A10075 /* SeedOccultAdventures.swift in Sources */,
				A10076 /* SeedBestiary3.swift in Sources */,
				A10077 /* SeedBestiary4.swift in Sources */,
				A10078 /* SeedBestiary5.swift in Sources */,
				A10079 /* SeedAdvancedRaceGuide.swift in Sources */,
				A10080 /* SeedUltimateCampaign.swift in Sources */,
				A10090 /* SeedUltimateWilderness.swift in Sources */,
				A10091 /* SeedUltimateIntrigue.swift in Sources */,
			);
			runOnlyForDeploymentPostprocessing = 0;
		};
		S10002 /* Sources */ = {
			isa = PBXSourcesBuildPhase;
			buildActionMask = 2147483647;
			files = (
				A10050 /* LodestoneTests.swift in Sources */,
			);
			runOnlyForDeploymentPostprocessing = 0;
		};
		S10003 /* Sources */ = {
			isa = PBXSourcesBuildPhase;
			buildActionMask = 2147483647;
			files = (
				A10060 /* LodestoneUITests.swift in Sources */,
			);
			runOnlyForDeploymentPostprocessing = 0;
		};
/* End PBXSourcesBuildPhase section */

/* Begin PBXTargetDependency section */
		D10001 /* PBXTargetDependency */ = {
			isa = PBXTargetDependency;
			target = T10001 /* Lodestone */;
			targetProxy = C10001 /* PBXContainerItemProxy */;
		};
		D10002 /* PBXTargetDependency */ = {
			isa = PBXTargetDependency;
			target = T10001 /* Lodestone */;
			targetProxy = C10002 /* PBXContainerItemProxy */;
		};
/* End PBXTargetDependency section */

/* Begin XCBuildConfiguration section */
		BC0001 /* Debug */ = {
			isa = XCBuildConfiguration;
			buildSettings = {
				ALWAYS_SEARCH_USER_PATHS = NO;
				ASSETCATALOG_COMPILER_GENERATE_SWIFT_ASSET_SYMBOL_EXTENSIONS = YES;
				CLANG_ANALYZER_NONNULL = YES;
				CLANG_ANALYZER_NUMBER_OBJECT_CONVERSION = YES_AGGRESSIVE;
				CLANG_CXX_LANGUAGE_STANDARD = "gnu++20";
				CLANG_ENABLE_MODULES = YES;
				CLANG_ENABLE_OBJC_ARC = YES;
				CLANG_ENABLE_OBJC_WEAK = YES;
				CLANG_WARN_BLOCK_CAPTURE_AUTORELEASING = YES;
				CLANG_WARN_BOOL_CONVERSION = YES;
				CLANG_WARN_COMMA = YES;
				CLANG_WARN_CONSTANT_CONVERSION = YES;
				CLANG_WARN_DEPRECATED_OBJC_IMPLEMENTATIONS = YES;
				CLANG_WARN_DIRECT_OBJC_ISA_USAGE = YES_ERROR;
				CLANG_WARN_DOCUMENTATION_COMMENTS = YES;
				CLANG_WARN_EMPTY_BODY = YES;
				CLANG_WARN_ENUM_CONVERSION = YES;
				CLANG_WARN_INFINITE_RECURSION = YES;
				CLANG_WARN_INT_CONVERSION = YES;
				CLANG_WARN_NON_LITERAL_NULL_CONVERSION = YES;
				CLANG_WARN_OBJC_IMPLICIT_RETAIN_SELF = YES;
				CLANG_WARN_OBJC_LITERAL_CONVERSION = YES;
				CLANG_WARN_OBJC_ROOT_CLASS = YES_ERROR;
				CLANG_WARN_QUOTED_INCLUDE_IN_FRAMEWORK_HEADER = YES;
				CLANG_WARN_RANGE_LOOP_ANALYSIS = YES;
				CLANG_WARN_STRICT_PROTOTYPES = YES;
				CLANG_WARN_SUSPICIOUS_MOVE = YES;
				CLANG_WARN_UNGUARDED_AVAILABILITY = YES_AGGRESSIVE;
				CLANG_WARN_UNREACHABLE_CODE = YES;
				CLANG_WARN__DUPLICATE_METHOD_MATCH = YES;
				COPY_PHASE_STRIP = NO;
				DEBUG_INFORMATION_FORMAT = dwarf;
				ENABLE_STRICT_OBJC_MSGSEND = YES;
				ENABLE_TESTABILITY = YES;
				ENABLE_USER_SCRIPT_SANDBOXING = YES;
				GCC_C_LANGUAGE_STANDARD = gnu17;
				GCC_DYNAMIC_NO_PIC = NO;
				GCC_NO_COMMON_BLOCKS = YES;
				GCC_OPTIMIZATION_LEVEL = 0;
				GCC_PREPROCESSOR_DEFINITIONS = (
					"DEBUG=1",
					"$(inherited)",
				);
				GCC_WARN_64_TO_32_BIT_CONVERSION = YES;
				GCC_WARN_ABOUT_RETURN_TYPE = YES_ERROR;
				GCC_WARN_UNDECLARED_SELECTOR = YES;
				GCC_WARN_UNINITIALIZED_AUTOS = YES_AGGRESSIVE;
				GCC_WARN_UNUSED_FUNCTION = YES;
				GCC_WARN_UNUSED_VARIABLE = YES;
				IPHONEOS_DEPLOYMENT_TARGET = 17.0;
				MTL_ENABLE_DEBUG_INFO = INCLUDE_SOURCE;
				MTL_FAST_MATH = YES;
				ONLY_ACTIVE_ARCH = YES;
				SDKROOT = iphoneos;
				STRING_CATALOG_GENERATE_SYMBOLS = YES;
				SWIFT_ACTIVE_COMPILATION_CONDITIONS = "DEBUG $(inherited)";
				SWIFT_OPTIMIZATION_LEVEL = "-Onone";
				SWIFT_VERSION = 5.0;
			};
			name = Debug;
		};
		BC0002 /* Release */ = {
			isa = XCBuildConfiguration;
			buildSettings = {
				ALWAYS_SEARCH_USER_PATHS = NO;
				ASSETCATALOG_COMPILER_GENERATE_SWIFT_ASSET_SYMBOL_EXTENSIONS = YES;
				CLANG_ANALYZER_NONNULL = YES;
				CLANG_ANALYZER_NUMBER_OBJECT_CONVERSION = YES_AGGRESSIVE;
				CLANG_CXX_LANGUAGE_STANDARD = "gnu++20";
				CLANG_ENABLE_MODULES = YES;
				CLANG_ENABLE_OBJC_ARC = YES;
				CLANG_ENABLE_OBJC_WEAK = YES;
				CLANG_WARN_BLOCK_CAPTURE_AUTORELEASING = YES;
				CLANG_WARN_BOOL_CONVERSION = YES;
				CLANG_WARN_COMMA = YES;
				CLANG_WARN_CONSTANT_CONVERSION = YES;
				CLANG_WARN_DEPRECATED_OBJC_IMPLEMENTATIONS = YES;
				CLANG_WARN_DIRECT_OBJC_ISA_USAGE = YES_ERROR;
				CLANG_WARN_DOCUMENTATION_COMMENTS = YES;
				CLANG_WARN_EMPTY_BODY = YES;
				CLANG_WARN_ENUM_CONVERSION = YES;
				CLANG_WARN_INFINITE_RECURSION = YES;
				CLANG_WARN_INT_CONVERSION = YES;
				CLANG_WARN_NON_LITERAL_NULL_CONVERSION = YES;
				CLANG_WARN_OBJC_IMPLICIT_RETAIN_SELF = YES;
				CLANG_WARN_OBJC_LITERAL_CONVERSION = YES;
				CLANG_WARN_OBJC_ROOT_CLASS = YES_ERROR;
				CLANG_WARN_QUOTED_INCLUDE_IN_FRAMEWORK_HEADER = YES;
				CLANG_WARN_RANGE_LOOP_ANALYSIS = YES;
				CLANG_WARN_STRICT_PROTOTYPES = YES;
				CLANG_WARN_SUSPICIOUS_MOVE = YES;
				CLANG_WARN_UNGUARDED_AVAILABILITY = YES_AGGRESSIVE;
				CLANG_WARN_UNREACHABLE_CODE = YES;
				CLANG_WARN__DUPLICATE_METHOD_MATCH = YES;
				COPY_PHASE_STRIP = NO;
				DEBUG_INFORMATION_FORMAT = "dwarf-with-dsym";
				ENABLE_NS_ASSERTIONS = NO;
				ENABLE_STRICT_OBJC_MSGSEND = YES;
				ENABLE_USER_SCRIPT_SANDBOXING = YES;
				GCC_C_LANGUAGE_STANDARD = gnu17;
				GCC_NO_COMMON_BLOCKS = YES;
				GCC_WARN_64_TO_32_BIT_CONVERSION = YES;
				GCC_WARN_ABOUT_RETURN_TYPE = YES_ERROR;
				GCC_WARN_UNDECLARED_SELECTOR = YES;
				GCC_WARN_UNINITIALIZED_AUTOS = YES_AGGRESSIVE;
				GCC_WARN_UNUSED_FUNCTION = YES;
				GCC_WARN_UNUSED_VARIABLE = YES;
				IPHONEOS_DEPLOYMENT_TARGET = 17.0;
				MTL_FAST_MATH = YES;
				SDKROOT = iphoneos;
				STRING_CATALOG_GENERATE_SYMBOLS = YES;
				SWIFT_COMPILATION_MODE = wholemodule;
				SWIFT_VERSION = 5.0;
				VALIDATE_PRODUCT = YES;
			};
			name = Release;
		};
		BC1001 /* Debug */ = {
			isa = XCBuildConfiguration;
			buildSettings = {
				ASSETCATALOG_COMPILER_APPICON_NAME = AppIcon;
				ASSETCATALOG_COMPILER_GLOBAL_ACCENT_COLOR_NAME = AccentColor;
				CODE_SIGN_STYLE = Automatic;
				CURRENT_PROJECT_VERSION = 1;
				DEVELOPMENT_TEAM = 752QKBCTJR;
				ENABLE_PREVIEWS = YES;
				GENERATE_INFOPLIST_FILE = YES;
				INFOPLIST_FILE = Lodestone/App/Info.plist;
				INFOPLIST_KEY_UIApplicationSceneManifest_Generation = YES;
				INFOPLIST_KEY_UIApplicationSupportsIndirectInputEvents = YES;
				INFOPLIST_KEY_UILaunchScreen_Generation = YES;
				INFOPLIST_KEY_UISupportedInterfaceOrientations_iPad = "UIInterfaceOrientationPortrait UIInterfaceOrientationPortraitUpsideDown UIInterfaceOrientationLandscapeLeft UIInterfaceOrientationLandscapeRight";
				INFOPLIST_KEY_UISupportedInterfaceOrientations_iPhone = "UIInterfaceOrientationPortrait UIInterfaceOrientationLandscapeLeft UIInterfaceOrientationLandscapeRight";
				LD_RUNPATH_SEARCH_PATHS = (
					"$(inherited)",
					"@executable_path/Frameworks",
				);
				MARKETING_VERSION = 1.0;
				PRODUCT_BUNDLE_IDENTIFIER = "com.heiloprojects.lodestone-pf1";
				PRODUCT_NAME = "$(TARGET_NAME)";
				SUPPORTED_PLATFORMS = "iphoneos iphonesimulator";
				SUPPORTS_MACCATALYST = NO;
				SWIFT_EMIT_LOC_STRINGS = YES;
				SWIFT_VERSION = 5.0;
				TARGETED_DEVICE_FAMILY = "1,2";
			};
			name = Debug;
		};
		BC1002 /* Release */ = {
			isa = XCBuildConfiguration;
			buildSettings = {
				ASSETCATALOG_COMPILER_APPICON_NAME = AppIcon;
				ASSETCATALOG_COMPILER_GLOBAL_ACCENT_COLOR_NAME = AccentColor;
				CODE_SIGN_STYLE = Automatic;
				CURRENT_PROJECT_VERSION = 1;
				DEVELOPMENT_TEAM = 752QKBCTJR;
				ENABLE_PREVIEWS = YES;
				GENERATE_INFOPLIST_FILE = YES;
				INFOPLIST_FILE = Lodestone/App/Info.plist;
				INFOPLIST_KEY_UIApplicationSceneManifest_Generation = YES;
				INFOPLIST_KEY_UIApplicationSupportsIndirectInputEvents = YES;
				INFOPLIST_KEY_UILaunchScreen_Generation = YES;
				INFOPLIST_KEY_UISupportedInterfaceOrientations_iPad = "UIInterfaceOrientationPortrait UIInterfaceOrientationPortraitUpsideDown UIInterfaceOrientationLandscapeLeft UIInterfaceOrientationLandscapeRight";
				INFOPLIST_KEY_UISupportedInterfaceOrientations_iPhone = "UIInterfaceOrientationPortrait UIInterfaceOrientationLandscapeLeft UIInterfaceOrientationLandscapeRight";
				LD_RUNPATH_SEARCH_PATHS = (
					"$(inherited)",
					"@executable_path/Frameworks",
				);
				MARKETING_VERSION = 1.0;
				PRODUCT_BUNDLE_IDENTIFIER = "com.heiloprojects.lodestone-pf1";
				PRODUCT_NAME = "$(TARGET_NAME)";
				SUPPORTED_PLATFORMS = "iphoneos iphonesimulator";
				SUPPORTS_MACCATALYST = NO;
				SWIFT_EMIT_LOC_STRINGS = YES;
				SWIFT_VERSION = 5.0;
				TARGETED_DEVICE_FAMILY = "1,2";
			};
			name = Release;
		};
		BC2001 /* Debug */ = {
			isa = XCBuildConfiguration;
			buildSettings = {
				BUNDLE_LOADER = "$(TEST_HOST)";
				CODE_SIGN_STYLE = Automatic;
				CURRENT_PROJECT_VERSION = 1;
				GENERATE_INFOPLIST_FILE = YES;
				IPHONEOS_DEPLOYMENT_TARGET = 17.0;
				MARKETING_VERSION = 1.0;
				PRODUCT_BUNDLE_IDENTIFIER = "com.heiloprojects.lodestone-pf1.tests";
				PRODUCT_NAME = "$(TARGET_NAME)";
				SUPPORTED_PLATFORMS = "iphoneos iphonesimulator";
				SWIFT_EMIT_LOC_STRINGS = NO;
				SWIFT_VERSION = 5.0;
				TARGETED_DEVICE_FAMILY = "1,2";
				TEST_HOST = "$(BUILT_PRODUCTS_DIR)/Lodestone.app/$(BUNDLE_EXECUTABLE_FOLDER_PATH)/Lodestone";
			};
			name = Debug;
		};
		BC2002 /* Release */ = {
			isa = XCBuildConfiguration;
			buildSettings = {
				BUNDLE_LOADER = "$(TEST_HOST)";
				CODE_SIGN_STYLE = Automatic;
				CURRENT_PROJECT_VERSION = 1;
				GENERATE_INFOPLIST_FILE = YES;
				IPHONEOS_DEPLOYMENT_TARGET = 17.0;
				MARKETING_VERSION = 1.0;
				PRODUCT_BUNDLE_IDENTIFIER = "com.heiloprojects.lodestone-pf1.tests";
				PRODUCT_NAME = "$(TARGET_NAME)";
				SUPPORTED_PLATFORMS = "iphoneos iphonesimulator";
				SWIFT_EMIT_LOC_STRINGS = NO;
				SWIFT_VERSION = 5.0;
				TARGETED_DEVICE_FAMILY = "1,2";
				TEST_HOST = "$(BUILT_PRODUCTS_DIR)/Lodestone.app/$(BUNDLE_EXECUTABLE_FOLDER_PATH)/Lodestone";
			};
			name = Release;
		};
		BC3001 /* Debug */ = {
			isa = XCBuildConfiguration;
			buildSettings = {
				CODE_SIGN_STYLE = Automatic;
				CURRENT_PROJECT_VERSION = 1;
				GENERATE_INFOPLIST_FILE = YES;
				IPHONEOS_DEPLOYMENT_TARGET = 17.0;
				MARKETING_VERSION = 1.0;
				PRODUCT_BUNDLE_IDENTIFIER = "com.heiloprojects.lodestone-pf1.uitests";
				PRODUCT_NAME = "$(TARGET_NAME)";
				SUPPORTED_PLATFORMS = "iphoneos iphonesimulator";
				SWIFT_EMIT_LOC_STRINGS = NO;
				SWIFT_VERSION = 5.0;
				TARGETED_DEVICE_FAMILY = "1,2";
				TEST_TARGET_NAME = Lodestone;
			};
			name = Debug;
		};
		BC3002 /* Release */ = {
			isa = XCBuildConfiguration;
			buildSettings = {
				CODE_SIGN_STYLE = Automatic;
				CURRENT_PROJECT_VERSION = 1;
				GENERATE_INFOPLIST_FILE = YES;
				IPHONEOS_DEPLOYMENT_TARGET = 17.0;
				MARKETING_VERSION = 1.0;
				PRODUCT_BUNDLE_IDENTIFIER = "com.heiloprojects.lodestone-pf1.uitests";
				PRODUCT_NAME = "$(TARGET_NAME)";
				SUPPORTED_PLATFORMS = "iphoneos iphonesimulator";
				SWIFT_EMIT_LOC_STRINGS = NO;
				SWIFT_VERSION = 5.0;
				TARGETED_DEVICE_FAMILY = "1,2";
				TEST_TARGET_NAME = Lodestone;
			};
			name = Release;
		};
/* End XCBuildConfiguration section */

/* Begin XCConfigurationList section */
		X10000 /* Build configuration list for PBXProject "Lodestone" */ = {
			isa = XCConfigurationList;
			buildConfigurations = (
				BC0001 /* Debug */,
				BC0002 /* Release */,
			);
			defaultConfigurationIsVisible = 0;
			defaultConfigurationName = Release;
		};
		X10001 /* Build configuration list for PBXNativeTarget "Lodestone" */ = {
			isa = XCConfigurationList;
			buildConfigurations = (
				BC1001 /* Debug */,
				BC1002 /* Release */,
			);
			defaultConfigurationIsVisible = 0;
			defaultConfigurationName = Release;
		};
		X10002 /* Build configuration list for PBXNativeTarget "LodestoneTests" */ = {
			isa = XCConfigurationList;
			buildConfigurations = (
				BC2001 /* Debug */,
				BC2002 /* Release */,
			);
			defaultConfigurationIsVisible = 0;
			defaultConfigurationName = Release;
		};
		X10003 /* Build configuration list for PBXNativeTarget "LodestoneUITests" */ = {
			isa = XCConfigurationList;
			buildConfigurations = (
				BC3001 /* Debug */,
				BC3002 /* Release */,
			);
			defaultConfigurationIsVisible = 0;
			defaultConfigurationName = Release;
		};
/* End XCConfigurationList section */
	};
	rootObject = P10000 /* Project object */;
}
